
Microsoft Visual Studio Solution File, Format Version 12.00
# Visual Studio Version 16
VisualStudioVersion = 16.0.31229.75
MinimumVisualStudioVersion = 10.0.40219.1
Project("{8BC9CEB8-8B4A-11D0-8D11-00A0C91BC942}") = "MyGuiLib", "MyGuiLib\MyGuiLib.vcxproj", "{3E38B890-A93C-488B-98C5-2CE62AC18062}"
EndProject
Project("{8BC9CEB8-8B4A-11D0-8D11-00A0C91BC942}") = "Painter", "Painter\Painter.vcxproj", "{9A4A8520-5F2D-419F-8859-981B0AFC0DEB}"
EndProject
Project("{8BC9CEB8-8B4A-11D0-8D11-00A0C91BC942}") = "Calculator", "Calculator\Calculator.vcxproj", "{E18D0343-2601-4FE6-B045-972B22A56312}"
EndProject
Global
	GlobalSection(SolutionConfigurationPlatforms) = preSolution
		Debug|x64 = Debug|x64
		Debug|x86 = Debug|x86
		Release|x64 = Release|x64
		Release|x86 = Release|x86
	EndGlobalSection
	GlobalSection(ProjectConfigurationPlatforms) = postSolution
		{3E38B890-A93C-488B-98C5-2CE62AC18062}.Debug|x64.ActiveCfg = Debug|x64
		{3E38B890-A93C-488B-98C5-2CE62AC18062}.Debug|x64.Build.0 = Debug|x64
		{3E38B890-A93C-488B-98C5-2CE62AC18062}.Debug|x86.ActiveCfg = Debug|Win32
		{3E38B890-A93C-488B-98C5-2CE62AC18062}.Debug|x86.Build.0 = Debug|Win32
		{3E38B890-A93C-488B-98C5-2CE62AC18062}.Release|x64.ActiveCfg = Release|x64
		{3E38B890-A93C-488B-98C5-2CE62AC18062}.Release|x64.Build.0 = Release|x64
		{3E38B890-A93C-488B-98C5-2CE62AC18062}.Release|x86.ActiveCfg = Release|Win32
		{3E38B890-A93C-488B-98C5-2CE62AC18062}.Release|x86.Build.0 = Release|Win32
		{9A4A8520-5F2D-419F-8859-981B0AFC0DEB}.Debug|x64.ActiveCfg = Debug|x64
		{9A4A8520-5F2D-419F-8859-981B0AFC0DEB}.Debug|x64.Build.0 = Debug|x64
		{9A4A8520-5F2D-419F-8859-981B0AFC0DEB}.Debug|x86.ActiveCfg = Debug|Win32
		{9A4A8520-5F2D-419F-8859-981B0AFC0DEB}.Debug|x86.Build.0 = Debug|Win32
		{9A4A8520-5F2D-419F-8859-981B0AFC0DEB}.Release|x64.ActiveCfg = Release|x64
		{9A4A8520-5F2D-419F-8859-981B0AFC0DEB}.Release|x64.Build.0 = Release|x64
		{9A4A8520-5F2D-419F-8859-981B0AFC0DEB}.Release|x86.ActiveCfg = Release|Win32
		{9A4A8520-5F2D-419F-8859-981B0AFC0DEB}.Release|x86.Build.0 = Release|Win32
		{E18D0343-2601-4FE6-B045-972B22A56312}.Debug|x64.ActiveCfg = Debug|x64
		{E18D0343-2601-4FE6-B045-972B22A56312}.Debug|x64.Build.0 = Debug|x64
		{E18D0343-2601-4FE6-B045-972B22A56312}.Debug|x86.ActiveCfg = Debug|Win32
		{E18D0343-2601-4FE6-B045-972B22A56312}.Debug|x86.Build.0 = Debug|Win32
		{E18D0343-2601-4FE6-B045-972B22A56312}.Release|x64.ActiveCfg = Release|x64
		{E18D0343-2601-4FE6-B045-972B22A56312}.Release|x64.Build.0 = Release|x64
		{E18D0343-2601-4FE6-B045-972B22A56312}.Release|x86.ActiveCfg = Release|Win32
		{E18D0343-2601-4FE6-B045-972B22A56312}.Release|x86.Build.0 = Release|Win32
	EndGlobalSection
	GlobalSection(SolutionProperties) = preSolution
		HideSolutionNode = FALSE
	EndGlobalSection
	GlobalSection(ExtensibilityGlobals) = postSolution
		SolutionGuid = {2B24D1AA-BAAC-4F9A-A173-ECF55E6AB005}
	EndGlobalSection
EndGlobal
